
Microsoft Visual Studio Solution File, Format Version 12.00
# Visual Studio Version 17
VisualStudioVersion = 17.6.33723.286
MinimumVisualStudioVersion = 10.0.40219.1
Project("{FAE04EC0-301F-11D3-BF4B-00C04F79EFBC}") = "BookMedicinalPlants", "BookMedicinalPlants.csproj", "{E17AE30E-C575-4D35-B1F4-2B3778B71B50}"
EndProject
Global
	GlobalSection(SolutionConfigurationPlatforms) = preSolution
		Debug|Any CPU = Debug|Any CPU
		Release|Any CPU = Release|Any CPU
	EndGlobalSection
	GlobalSection(ProjectConfigurationPlatforms) = postSolution
		{E17AE30E-C575-4D35-B1F4-2B3778B71B50}.Debug|Any CPU.ActiveCfg = Debug|Any CPU
		{E17AE30E-C575-4D35-B1F4-2B3778B71B50}.Debug|Any CPU.Build.0 = Debug|Any CPU
		{E17AE30E-C575-4D35-B1F4-2B3778B71B50}.Release|Any CPU.ActiveCfg = Release|Any CPU
		{E17AE30E-C575-4D35-B1F4-2B3778B71B50}.Release|Any CPU.Build.0 = Release|Any CPU
	EndGlobalSection
	GlobalSection(SolutionProperties) = preSolution
		HideSolutionNode = FALSE
	EndGlobalSection
	GlobalSection(ExtensibilityGlobals) = postSolution
		SolutionGuid = {05ECBB1D-742D-46AD-AFB8-E4F4D2B27DFD}
	EndGlobalSection
EndGlobal
